cloud.google.com/go v0.32.1-0.20181101180755-5cf8da09f0a9 h1:jiwbVXOkbvJ35ErP6KK8nF0rUFj9n4xgP3OCXsLhYoY=
cloud.google.com/go v0.32.1-0.20181101180755-5cf8da09f0a9/go.mod h1:aQUYkXzVsufM+DwF1aE+0xfcU+56JwCaLick0ClmMTw=
github.com/davecgh/go-spew v1.1.0 h1:ZDRjVQ15GmhC3fiQ8ni8+OwkZQO4DARzQgrnXU1Liz8=
github.com/davecgh/go-spew v1.1.0/go.mod h1:J7Y8YcW2NihsgmVo/mv3lAwl/skON4iLHjSsI+c5H38=
github.com/golang/protobuf v1.3.1 h1:YF8+flBXS5eO826T4nzqPrxfhQThhXl0YzfuUPu4SBg=
github.com/golang/protobuf v1.3.1/go.mod h1:6lQm79b+lXiMfvg/cZm0SGofjICqVBUtrP5yJMmIC1U=
github.com/pmezard/go-difflib v1.0.0 h1:4DBwDE0NGyQoBHbLQYPwSUPoCMWR5BEzIk/f1lZbAQM=
github.com/pmezard/go-difflib v1.0.0/go.mod h1:iKH77koFhYxTK1pcRnkKkqfTogsbg7gZNVY4sRDYZ/4=
github.com/prasmussen/gdrive v0.0.0-20200728191437-31d0829c1807 h1:AflTprp4HQouhNwP5Ilefk2JIY1t5SERQrRQI7pufg0=
github.com/prasmussen/gdrive v0.0.0-20200728191437-31d0829c1807/go.mod h1:lml0IuWwG0rUurcmwcGr8gxfwsAPZUgWVUjofGVjTR4=
github.com/sabhiram/go-git-ignore v0.0.0-20180611051255-d3107576ba94 h1:YAaGJqLHcHSvimJA6dUpcSlGHNKHKcpJZ84KER1VMTE=
github.com/sabhiram/go-git-ignore v0.0.0-20180611051255-d3107576ba94/go.mod h1:yRB/JGk9Vry1PNE04BUqcjQqikIMweumaxXvuNHiSTE=
github.com/soniakeys/graph v0.0.0-20160409104831-c265d9676750 h1:xyxiBxj6kEh3G0MCE0FrqImPoAEnhLtH/i8YkALrtdw=
github.com/soniakeys/graph v0.0.0-20160409104831-c265d9676750/go.mod h1:J3SJVDwi4oshS4Dpd6YXwT0R2zqZWEila+0ZUT6Wol4=
github.com/stretchr/objx v0.1.0/go.mod h1:HFkY916IF+rwdDfMAkV7OtwuqBVzrE8GR6GFx+wExME=
github.com/stretchr/testify v1.6.1 h1:hDPOHmpOpP40lSULcqw7IrRb/u7w6RpDC9399XyoNd0=
github.com/stretchr/testify v1.6.1/go.mod h1:6Fq8oRcR53rry900zMqJjRRixrwX3KX962/h/Wwjteg=
golang.org/x/crypto v0.0.0-20190308221718-c2843e01d9a2/go.mod h1:djNgcEr1/C05ACkg1iLfiJU5Ep61QUkGW8qpdssI0+w=
golang.org/x/net v0.0.0-20190603091049-60506f45cf65 h1:+rhAzEzT3f4JtomfC371qB+0Ola2caSKcY69NUBZrRQ=
golang.org/x/net v0.0.0-20190603091049-60506f45cf65/go.mod h1:HSz+uSET+XFnRR8LxR5pz3Of3rY3CfYBVs4xY44aLks=
golang.org/x/oauth2 v0.0.0-20181101160152-c453e0c75759 h1:TMrx+Qdx7uJAeUbv15N72h5Hmyb5+VDjEiMufAEAM04=
golang.org/x/oauth2 v0.0.0-20181101160152-c453e0c75759/go.mod h1:N/0e6XlmueqKjAGxoOufVs8QHGRruUQn6yWY3a++T0U=
golang.org/x/sys v0.0.0-20190215142949-d0b11bdaac8a/go.mod h1:STP8DvDyc/dI5b8T5hshtkjS+E42TnysNCUPdjciGhY=
golang.org/x/text v0.3.0/go.mod h1:NqM8EUOU14njkJ3fqMW+pc6Ldnwhi/IjpwHt7yyuwOQ=
golang.org/x/text v0.3.2/go.mod h1:bEr9sfX3Q8Zfm5fL9x+3itogRgK3+ptLWKqgva+5dAk=
golang.org/x/tools v0.0.0-20180917221912-90fa682c2a6e/go.mod h1:n7NCudcB/nEzxVGmLbDWY5pfWTLqBcC2KZ6jyYvM4mQ=
google.golang.org/api v0.0.0-20181101164933-799fe93f8274 h1:ISCp7mMfjX35QztFTTni+52uWLDPPkm5BQjCXqyoGFc=
google.golang.org/api v0.0.0-20181101164933-799fe93f8274/go.mod h1:4mhQ8q/RsB7i+udVvVy5NUi08OU8ZlA0gRVgrF7VFY0=
google.golang.org/appengine v1.6.7 h1:FZR1q0exgwxzPzp/aF+VccGrSfxfPpkBqjIIEq3ru6c=
google.golang.org/appengine v1.6.7/go.mod h1:8WjMMxjGQR8xUklV/ARdw2HLXBOI7O7uCIDZVag1xfc=
gopkg.in/check.v1 v0.0.0-20161208181325-20d25e280405 h1:yhCVgyC4o1eVCa2tZl7eS0r+SDo693bJlVdllGtEeKM=
gopkg.in/check.v1 v0.0.0-20161208181325-20d25e280405/go.mod h1:Co6ibVJAznAaIkqp8huTwlJQCZ016jof/cbN4VW5Yz0=
gopkg.in/yaml.v3 v3.0.0-20200313102051-9f266ea9e77c h1:dUUwHk2QECo/6vqA44rthZ8ie2QXMNeKRTHCNY2nXvo=
gopkg.in/yaml.v3 v3.0.0-20200313102051-9f266ea9e77c/go.mod h1:K4uyk7z7BCEPqu6E+C64Yfv1cQ7kz7rIZviUmN+EgEM=
